
Microsoft Visual Studio Solution File, Format Version 12.00
# Visual Studio Version 17
VisualStudioVersion = 17.10.35201.131
MinimumVisualStudioVersion = 10.0.40219.1
Project("{00D1A9C2-B5F0-4AF3-8072-F6C62B433612}") = "IOT_SampleHashPasswd", "IOT_SampleHashPasswd\IOT_SampleHashPasswd.sqlproj", "{8CDB631F-1398-4214-9CBB-943E11CA6B1A}"
EndProject
Global
	GlobalSection(SolutionConfigurationPlatforms) = preSolution
		Debug|Any CPU = Debug|Any CPU
		Release|Any CPU = Release|Any CPU
	EndGlobalSection
	GlobalSection(ProjectConfigurationPlatforms) = postSolution
		{8CDB631F-1398-4214-9CBB-943E11CA6B1A}.Debug|Any CPU.ActiveCfg = Debug|Any CPU
		{8CDB631F-1398-4214-9CBB-943E11CA6B1A}.Debug|Any CPU.Build.0 = Debug|Any CPU
		{8CDB631F-1398-4214-9CBB-943E11CA6B1A}.Debug|Any CPU.Deploy.0 = Debug|Any CPU
		{8CDB631F-1398-4214-9CBB-943E11CA6B1A}.Release|Any CPU.ActiveCfg = Release|Any CPU
		{8CDB631F-1398-4214-9CBB-943E11CA6B1A}.Release|Any CPU.Build.0 = Release|Any CPU
		{8CDB631F-1398-4214-9CBB-943E11CA6B1A}.Release|Any CPU.Deploy.0 = Release|Any CPU
	EndGlobalSection
	GlobalSection(SolutionProperties) = preSolution
		HideSolutionNode = FALSE
	EndGlobalSection
	GlobalSection(ExtensibilityGlobals) = postSolution
		SolutionGuid = {6105A4C3-4582-4695-9118-52A7D563DB7B}
	EndGlobalSection
EndGlobal
